
Microsoft Visual Studio Solution File, Format Version 12.00
# Visual Studio Version 16
VisualStudioVersion = 16.0.30907.101
MinimumVisualStudioVersion = 10.0.40219.1
Project("{FAE04EC0-301F-11D3-BF4B-00C04F79EFBC}") = "AlgorithmDemo", "AlgorithmDemo\AlgorithmDemo.csproj", "{7D71FC61-5795-424E-9D93-AC0E1EB4AC3D}"
EndProject
Global
	GlobalSection(SolutionConfigurationPlatforms) = preSolution
		Debug|Any CPU = Debug|Any CPU
		Release|Any CPU = Release|Any CPU
	EndGlobalSection
	GlobalSection(ProjectConfigurationPlatforms) = postSolution
		{7D71FC61-5795-424E-9D93-AC0E1EB4AC3D}.Debug|Any CPU.ActiveCfg = Debug|Any CPU
		{7D71FC61-5795-424E-9D93-AC0E1EB4AC3D}.Debug|Any CPU.Build.0 = Debug|Any CPU
		{7D71FC61-5795-424E-9D93-AC0E1EB4AC3D}.Release|Any CPU.ActiveCfg = Release|Any CPU
		{7D71FC61-5795-424E-9D93-AC0E1EB4AC3D}.Release|Any CPU.Build.0 = Release|Any CPU
	EndGlobalSection
	GlobalSection(SolutionProperties) = preSolution
		HideSolutionNode = FALSE
	EndGlobalSection
	GlobalSection(ExtensibilityGlobals) = postSolution
		SolutionGuid = {E78BC2E9-E699-47BD-93B4-045A45B488AB}
	EndGlobalSection
EndGlobal
